
Microsoft Visual Studio Solution File, Format Version 12.00
# Visual Studio Version 17
VisualStudioVersion = 17.4.33122.133
MinimumVisualStudioVersion = 10.0.40219.1
Project("{FAE04EC0-301F-11D3-BF4B-00C04F79EFBC}") = "PatronStragedy", "PatronStragedy.csproj", "{68F2FDE6-1962-46C1-B58D-14D1045C489D}"
EndProject
Global
	GlobalSection(SolutionConfigurationPlatforms) = preSolution
		Debug|Any CPU = Debug|Any CPU
		Release|Any CPU = Release|Any CPU
	EndGlobalSection
	GlobalSection(ProjectConfigurationPlatforms) = postSolution
		{68F2FDE6-1962-46C1-B58D-14D1045C489D}.Debug|Any CPU.ActiveCfg = Debug|Any CPU
		{68F2FDE6-1962-46C1-B58D-14D1045C489D}.Debug|Any CPU.Build.0 = Debug|Any CPU
		{68F2FDE6-1962-46C1-B58D-14D1045C489D}.Release|Any CPU.ActiveCfg = Release|Any CPU
		{68F2FDE6-1962-46C1-B58D-14D1045C489D}.Release|Any CPU.Build.0 = Release|Any CPU
	EndGlobalSection
	GlobalSection(SolutionProperties) = preSolution
		HideSolutionNode = FALSE
	EndGlobalSection
	GlobalSection(ExtensibilityGlobals) = postSolution
		SolutionGuid = {45613E2F-C6B9-4AB4-AB49-0E22F94B7A14}
	EndGlobalSection
EndGlobal
